
Microsoft Visual Studio Solution File, Format Version 12.00
# Visual Studio 14
VisualStudioVersion = 14.0.25420.1
MinimumVisualStudioVersion = 10.0.40219.1
Project("{FAE04EC0-301F-11D3-BF4B-00C04F79EFBC}") = "App.Core", "App.Core\App.Core.csproj", "{B69A0E15-33BD-4136-B8A3-591489032A6D}"
EndProject
Project("{FAE04EC0-301F-11D3-BF4B-00C04F79EFBC}") = "App.Web", "App.Web\App.Web.csproj", "{444435E1-3F27-41D9-B7CF-D2E5253BF47F}"
EndProject
Global
	GlobalSection(SolutionConfigurationPlatforms) = preSolution
		Debug|Any CPU = Debug|Any CPU
		Release|Any CPU = Release|Any CPU
	EndGlobalSection
	GlobalSection(ProjectConfigurationPlatforms) = postSolution
		{B69A0E15-33BD-4136-B8A3-591489032A6D}.Debug|Any CPU.ActiveCfg = Debug|Any CPU
		{B69A0E15-33BD-4136-B8A3-591489032A6D}.Debug|Any CPU.Build.0 = Debug|Any CPU
		{B69A0E15-33BD-4136-B8A3-591489032A6D}.Release|Any CPU.ActiveCfg = Release|Any CPU
		{B69A0E15-33BD-4136-B8A3-591489032A6D}.Release|Any CPU.Build.0 = Release|Any CPU
		{444435E1-3F27-41D9-B7CF-D2E5253BF47F}.Debug|Any CPU.ActiveCfg = Debug|Any CPU
		{444435E1-3F27-41D9-B7CF-D2E5253BF47F}.Debug|Any CPU.Build.0 = Debug|Any CPU
		{444435E1-3F27-41D9-B7CF-D2E5253BF47F}.Release|Any CPU.ActiveCfg = Release|Any CPU
		{444435E1-3F27-41D9-B7CF-D2E5253BF47F}.Release|Any CPU.Build.0 = Release|Any CPU
	EndGlobalSection
	GlobalSection(SolutionProperties) = preSolution
		HideSolutionNode = FALSE
	EndGlobalSection
EndGlobal
